
Microsoft Visual Studio Solution File, Format Version 12.00
# Visual Studio Version 16
VisualStudioVersion = 16.0.29709.97
MinimumVisualStudioVersion = 10.0.40219.1
Project("{FAE04EC0-301F-11D3-BF4B-00C04F79EFBC}") = "AvsHost.Web", "AvsHost.Web.csproj", "{9670C721-8454-4BA8-84FC-5F03DD076EE8}"
EndProject
Global
	GlobalSection(SolutionConfigurationPlatforms) = preSolution
		Debug|Any CPU = Debug|Any CPU
		Release|Any CPU = Release|Any CPU
	EndGlobalSection
	GlobalSection(ProjectConfigurationPlatforms) = postSolution
		{9670C721-8454-4BA8-84FC-5F03DD076EE8}.Debug|Any CPU.ActiveCfg = Debug|Any CPU
		{9670C721-8454-4BA8-84FC-5F03DD076EE8}.Debug|Any CPU.Build.0 = Debug|Any CPU
		{9670C721-8454-4BA8-84FC-5F03DD076EE8}.Release|Any CPU.ActiveCfg = Release|Any CPU
		{9670C721-8454-4BA8-84FC-5F03DD076EE8}.Release|Any CPU.Build.0 = Release|Any CPU
	EndGlobalSection
	GlobalSection(SolutionProperties) = preSolution
		HideSolutionNode = FALSE
	EndGlobalSection
	GlobalSection(ExtensibilityGlobals) = postSolution
		SolutionGuid = {17549FA7-0A5C-4C43-B588-CEF76DBC97B6}
	EndGlobalSection
EndGlobal
