
Microsoft Visual Studio Solution File, Format Version 12.00
# Visual Studio Version 17
VisualStudioVersion = 17.2.32602.215
MinimumVisualStudioVersion = 10.0.40219.1
Project("{9A19103F-16F7-4668-BE54-9A1E7A4F7556}") = "Avs.StaticSiteHosting.Web", "Avs.StaticSiteHosting.Web.csproj", "{97039819-F88A-49DF-865E-A010AB387739}"
EndProject
Project("{9A19103F-16F7-4668-BE54-9A1E7A4F7556}") = "Avs.StaticSiteHosting.DataMigrator", "..\Avs.StaticSiteHosting.DataMigrator\Avs.StaticSiteHosting.DataMigrator.csproj", "{15350D8F-0A21-4F15-949C-60678C9631D8}"
EndProject
Project("{9A19103F-16F7-4668-BE54-9A1E7A4F7556}") = "Avs.StaticSiteHosting.ContentCreator", "..\Avs.StaticSiteHosting.ContentCreator\Avs.StaticSiteHosting.ContentCreator.csproj", "{8B7695A0-250D-40F4-BC59-6DC3CA4061DF}"
EndProject
Project("{9A19103F-16F7-4668-BE54-9A1E7A4F7556}") = "Avs.StaticSiteHosting.Reports", "..\Avs.StaticSiteHosting.Reports\Avs.StaticSiteHosting.Reports.csproj", "{BE83E166-09C1-41DA-94B3-04F8E935EB98}"
EndProject
Project("{9A19103F-16F7-4668-BE54-9A1E7A4F7556}") = "Avs.StaticSiteHosting.Reports.Tests", "..\Avs.StaticSiteHosting.Reports.Tests\Avs.StaticSiteHosting.Reports.Tests.csproj", "{04F74DE5-009C-4A74-A5C8-9F7832BA28C8}"
EndProject
Project("{FAE04EC0-301F-11D3-BF4B-00C04F79EFBC}") = "Avs.StaticSiteHosting.Shared", "..\Avs.StaticSiteHosting.Shared\Avs.StaticSiteHosting.Shared.csproj", "{A153DB5E-5DA3-4F45-B59B-5C3E92DF1337}"
EndProject
Project("{FAE04EC0-301F-11D3-BF4B-00C04F79EFBC}") = "Avs.StaticSiteHosting.ContentHost", "..\Avs.StaticSiteHosting.ContentHost\Avs.StaticSiteHosting.ContentHost.csproj", "{9A6E24F0-A12F-4BD7-8651-C2A9662155B1}"
EndProject
Global
	GlobalSection(SolutionConfigurationPlatforms) = preSolution
		Debug|Any CPU = Debug|Any CPU
		Release|Any CPU = Release|Any CPU
	EndGlobalSection
	GlobalSection(ProjectConfigurationPlatforms) = postSolution
		{97039819-F88A-49DF-865E-A010AB387739}.Debug|Any CPU.ActiveCfg = Debug|Any CPU
		{97039819-F88A-49DF-865E-A010AB387739}.Debug|Any CPU.Build.0 = Debug|Any CPU
		{97039819-F88A-49DF-865E-A010AB387739}.Release|Any CPU.ActiveCfg = Release|Any CPU
		{97039819-F88A-49DF-865E-A010AB387739}.Release|Any CPU.Build.0 = Release|Any CPU
		{15350D8F-0A21-4F15-949C-60678C9631D8}.Debug|Any CPU.ActiveCfg = Debug|Any CPU
		{15350D8F-0A21-4F15-949C-60678C9631D8}.Debug|Any CPU.Build.0 = Debug|Any CPU
		{15350D8F-0A21-4F15-949C-60678C9631D8}.Release|Any CPU.ActiveCfg = Release|Any CPU
		{15350D8F-0A21-4F15-949C-60678C9631D8}.Release|Any CPU.Build.0 = Release|Any CPU
		{8B7695A0-250D-40F4-BC59-6DC3CA4061DF}.Debug|Any CPU.ActiveCfg = Debug|Any CPU
		{8B7695A0-250D-40F4-BC59-6DC3CA4061DF}.Debug|Any CPU.Build.0 = Debug|Any CPU
		{8B7695A0-250D-40F4-BC59-6DC3CA4061DF}.Release|Any CPU.ActiveCfg = Release|Any CPU
		{8B7695A0-250D-40F4-BC59-6DC3CA4061DF}.Release|Any CPU.Build.0 = Release|Any CPU
		{BE83E166-09C1-41DA-94B3-04F8E935EB98}.Debug|Any CPU.ActiveCfg = Debug|Any CPU
		{BE83E166-09C1-41DA-94B3-04F8E935EB98}.Debug|Any CPU.Build.0 = Debug|Any CPU
		{BE83E166-09C1-41DA-94B3-04F8E935EB98}.Release|Any CPU.ActiveCfg = Release|Any CPU
		{BE83E166-09C1-41DA-94B3-04F8E935EB98}.Release|Any CPU.Build.0 = Release|Any CPU
		{04F74DE5-009C-4A74-A5C8-9F7832BA28C8}.Debug|Any CPU.ActiveCfg = Debug|Any CPU
		{04F74DE5-009C-4A74-A5C8-9F7832BA28C8}.Debug|Any CPU.Build.0 = Debug|Any CPU
		{04F74DE5-009C-4A74-A5C8-9F7832BA28C8}.Release|Any CPU.ActiveCfg = Release|Any CPU
		{04F74DE5-009C-4A74-A5C8-9F7832BA28C8}.Release|Any CPU.Build.0 = Release|Any CPU
		{A153DB5E-5DA3-4F45-B59B-5C3E92DF1337}.Debug|Any CPU.ActiveCfg = Debug|Any CPU
		{A153DB5E-5DA3-4F45-B59B-5C3E92DF1337}.Debug|Any CPU.Build.0 = Debug|Any CPU
		{A153DB5E-5DA3-4F45-B59B-5C3E92DF1337}.Release|Any CPU.ActiveCfg = Release|Any CPU
		{A153DB5E-5DA3-4F45-B59B-5C3E92DF1337}.Release|Any CPU.Build.0 = Release|Any CPU
		{9A6E24F0-A12F-4BD7-8651-C2A9662155B1}.Debug|Any CPU.ActiveCfg = Debug|Any CPU
		{9A6E24F0-A12F-4BD7-8651-C2A9662155B1}.Debug|Any CPU.Build.0 = Debug|Any CPU
		{9A6E24F0-A12F-4BD7-8651-C2A9662155B1}.Release|Any CPU.ActiveCfg = Release|Any CPU
		{9A6E24F0-A12F-4BD7-8651-C2A9662155B1}.Release|Any CPU.Build.0 = Release|Any CPU
	EndGlobalSection
	GlobalSection(SolutionProperties) = preSolution
		HideSolutionNode = FALSE
	EndGlobalSection
	GlobalSection(ExtensibilityGlobals) = postSolution
		SolutionGuid = {205884BA-A8AE-4E78-B1D7-4FC8A40ED292}
	EndGlobalSection
EndGlobal
